
Microsoft Visual Studio Solution File, Format Version 12.00
# Visual Studio Version 17
VisualStudioVersion = 17.10.35013.160
MinimumVisualStudioVersion = 10.0.40219.1
Project("{FAE04EC0-301F-11D3-BF4B-00C04F79EFBC}") = "MAUI.Project.ColorMaker", "MAUI.Project.ColorMaker.csproj", "{DAE2B744-13B4-4023-AFF5-D4E5A6C87939}"
EndProject
Global
	GlobalSection(SolutionConfigurationPlatforms) = preSolution
		Debug|Any CPU = Debug|Any CPU
		Release|Any CPU = Release|Any CPU
	EndGlobalSection
	GlobalSection(ProjectConfigurationPlatforms) = postSolution
		{DAE2B744-13B4-4023-AFF5-D4E5A6C87939}.Debug|Any CPU.ActiveCfg = Debug|Any CPU
		{DAE2B744-13B4-4023-AFF5-D4E5A6C87939}.Debug|Any CPU.Build.0 = Debug|Any CPU
		{DAE2B744-13B4-4023-AFF5-D4E5A6C87939}.Debug|Any CPU.Deploy.0 = Debug|Any CPU
		{DAE2B744-13B4-4023-AFF5-D4E5A6C87939}.Release|Any CPU.ActiveCfg = Release|Any CPU
		{DAE2B744-13B4-4023-AFF5-D4E5A6C87939}.Release|Any CPU.Build.0 = Release|Any CPU
		{DAE2B744-13B4-4023-AFF5-D4E5A6C87939}.Release|Any CPU.Deploy.0 = Release|Any CPU
	EndGlobalSection
	GlobalSection(SolutionProperties) = preSolution
		HideSolutionNode = FALSE
	EndGlobalSection
	GlobalSection(ExtensibilityGlobals) = postSolution
		SolutionGuid = {68A633A5-5609-40D3-AFC5-44594E175B86}
	EndGlobalSection
EndGlobal
